Microsoft Visual Studio Solution File, Format Version 12.00
# Visual Studio Version 17
VisualStudioVersion = 17.0.31903.59
MinimumVisualStudioVersion = 10.0.40219.1
Project("{FAE04EC0-301F-11D3-BF4B-00C04F79EFBC}") = "DebtFlow.SipAgent.Host", "softphone-native-client.csproj", "{FA298A92-ABF5-4299-B091-29ABA7281BAC}"
EndProject
Project("{FAE04EC0-301F-11D3-BF4B-00C04F79EFBC}") = "DebtFlow.SipAgent.Protocol", "src\DebtFlow.SipAgent.Protocol\DebtFlow.SipAgent.Protocol.csproj", "{A9454268-D626-4785-874B-1B46601CB194}"
EndProject
Project("{FAE04EC0-301F-11D3-BF4B-00C04F79EFBC}") = "DebtFlow.SipAgent.Application", "src\DebtFlow.SipAgent.Application\DebtFlow.SipAgent.Application.csproj", "{834171D0-3DF5-459A-9258-84A30A183902}"
EndProject
Project("{FAE04EC0-301F-11D3-BF4B-00C04F79EFBC}") = "DebtFlow.SipAgent.Persistence", "src\DebtFlow.SipAgent.Persistence\DebtFlow.SipAgent.Persistence.csproj", "{A49A2F91-01CE-46A1-B69A-C3545265C1CA}"
EndProject
Project("{FAE04EC0-301F-11D3-BF4B-00C04F79EFBC}") = "DebtFlow.SipAgent.Core.Tests", "tests\DebtFlow.SipAgent.Core.Tests\DebtFlow.SipAgent.Core.Tests.csproj", "{823D6752-098D-4279-8879-921D779687F5}"
EndProject
Project("{FAE04EC0-301F-11D3-BF4B-00C04F79EFBC}") = "DebtFlow.SipAgent.Host.Tests", "tests\DebtFlow.SipAgent.Host.Tests\DebtFlow.SipAgent.Host.Tests.csproj", "{2BE227CD-E6AD-4C54-A151-BA02D5E3BE64}"
EndProject
Global
	GlobalSection(SolutionConfigurationPlatforms) = preSolution
		Debug|Any CPU = Debug|Any CPU
		Release|Any CPU = Release|Any CPU
	EndGlobalSection
	GlobalSection(ProjectConfigurationPlatforms) = postSolution
		{FA298A92-ABF5-4299-B091-29ABA7281BAC}.Debug|Any CPU.ActiveCfg = Debug|Any CPU
		{FA298A92-ABF5-4299-B091-29ABA7281BAC}.Debug|Any CPU.Build.0 = Debug|Any CPU
		{FA298A92-ABF5-4299-B091-29ABA7281BAC}.Release|Any CPU.ActiveCfg = Release|Any CPU
		{FA298A92-ABF5-4299-B091-29ABA7281BAC}.Release|Any CPU.Build.0 = Release|Any CPU
		{A9454268-D626-4785-874B-1B46601CB194}.Debug|Any CPU.ActiveCfg = Debug|Any CPU
		{A9454268-D626-4785-874B-1B46601CB194}.Debug|Any CPU.Build.0 = Debug|Any CPU
		{A9454268-D626-4785-874B-1B46601CB194}.Release|Any CPU.ActiveCfg = Release|Any CPU
		{A9454268-D626-4785-874B-1B46601CB194}.Release|Any CPU.Build.0 = Release|Any CPU
		{834171D0-3DF5-459A-9258-84A30A183902}.Debug|Any CPU.ActiveCfg = Debug|Any CPU
		{834171D0-3DF5-459A-9258-84A30A183902}.Debug|Any CPU.Build.0 = Debug|Any CPU
		{834171D0-3DF5-459A-9258-84A30A183902}.Release|Any CPU.ActiveCfg = Release|Any CPU
		{834171D0-3DF5-459A-9258-84A30A183902}.Release|Any CPU.Build.0 = Release|Any CPU
		{A49A2F91-01CE-46A1-B69A-C3545265C1CA}.Debug|Any CPU.ActiveCfg = Debug|Any CPU
		{A49A2F91-01CE-46A1-B69A-C3545265C1CA}.Debug|Any CPU.Build.0 = Debug|Any CPU
		{A49A2F91-01CE-46A1-B69A-C3545265C1CA}.Release|Any CPU.ActiveCfg = Release|Any CPU
		{A49A2F91-01CE-46A1-B69A-C3545265C1CA}.Release|Any CPU.Build.0 = Release|Any CPU
		{823D6752-098D-4279-8879-921D779687F5}.Debug|Any CPU.ActiveCfg = Debug|Any CPU
		{823D6752-098D-4279-8879-921D779687F5}.Debug|Any CPU.Build.0 = Debug|Any CPU
		{823D6752-098D-4279-8879-921D779687F5}.Release|Any CPU.ActiveCfg = Release|Any CPU
		{823D6752-098D-4279-8879-921D779687F5}.Release|Any CPU.Build.0 = Release|Any CPU
		{2BE227CD-E6AD-4C54-A151-BA02D5E3BE64}.Debug|Any CPU.ActiveCfg = Debug|Any CPU
		{2BE227CD-E6AD-4C54-A151-BA02D5E3BE64}.Debug|Any CPU.Build.0 = Debug|Any CPU
		{2BE227CD-E6AD-4C54-A151-BA02D5E3BE64}.Release|Any CPU.ActiveCfg = Release|Any CPU
		{2BE227CD-E6AD-4C54-A151-BA02D5E3BE64}.Release|Any CPU.Build.0 = Release|Any CPU
	EndGlobalSection
EndGlobal
